// !$*UTF8*$!
{
	archiveVersion = 1;
	classes = {
	};
	objectVersion = 77;
	objects = {

/* Begin PBXContainerItemProxy section */
		DAA1D81B2FA1DF3B0003A448 /* PBXContainerItemProxy */ = {
			isa = PBXContainerItemProxy;
			containerPortal = DAA1D8012FA1DF390003A448 /* Project object */;
			proxyType = 1;
			remoteGlobalIDString = DAA1D8082FA1DF390003A448;
			remoteInfo = ChineseLawsSearch;
		};
		DAA1D8252FA1DF3B0003A448 /* PBXContainerItemProxy */ = {
			isa = PBXContainerItemProxy;
			containerPortal = DAA1D8012FA1DF390003A448 /* Project object */;
			proxyType = 1;
			remoteGlobalIDString = DAA1D8082FA1DF390003A448;
			remoteInfo = ChineseLawsSearch;
		};
/* End PBXContainerItemProxy section */

/* Begin PBXFileReference section */
		DAA1D8092FA1DF390003A448 /* ChineseLawsSearch.app */ = {isa = PBXFileReference; explicitFileType = wrapper.application; includeInIndex = 0; path = ChineseLawsSearch.app; sourceTree = BUILT_PRODUCTS_DIR; };
		DAA1D81A2FA1DF3B0003A448 /* ChineseLawsSearchTests.xctest */ = {isa = PBXFileReference; explicitFileType = wrapper.cfbundle; includeInIndex = 0; path = ChineseLawsSearchTests.xctest; sourceTree = BUILT_PRODUCTS_DIR; };
		DAA1D8242FA1DF3B0003A448 /* ChineseLawsSearchUITests.xctest */ = {isa = PBXFileReference; explicitFileType = wrapper.cfbundle; includeInIndex = 0; path = ChineseLawsSearchUITests.xctest; sourceTree = BUILT_PRODUCTS_DIR; };
		DAA1D8402FA1DF3B0003A448 /* law_content.db */ = {isa = PBXFileReference; lastKnownFileType = file; name = law_content.db; path = ChineseLawsSearch/law_content.db; sourceTree = "<group>"; };
		DAB1E0002FA1DF3B0003A448 /* law_enhancements.db */ = {isa = PBXFileReference; lastKnownFileType = file; name = law_enhancements.db; path = ChineseLawsSearch/law_enhancements.db; sourceTree = "<group>"; };
/* End PBXFileReference section */

/* Begin PBXFileSystemSynchronizedBuildFileExceptionSet section */
		DAA1D82C2FA1DF3B0003A448 /* Exceptions for "ChineseLawsSearch" folder in "ChineseLawsSearch" target */ = {
			isa = PBXFileSystemSynchronizedBuildFileExceptionSet;
			membershipExceptions = (
				Info.plist,
			);
			target = DAA1D8082FA1DF390003A448 /* ChineseLawsSearch */;
		};
/* End PBXFileSystemSynchronizedBuildFileExceptionSet section */

/* Begin PBXFileSystemSynchronizedRootGroup section */
		DAA1D80B2FA1DF390003A448 /* ChineseLawsSearch */ = {
			isa = PBXFileSystemSynchronizedRootGroup;
			exceptions = (
				DAA1D82C2FA1DF3B0003A448 /* Exceptions for "ChineseLawsSearch" folder in "ChineseLawsSearch" target */,
			);
			path = ChineseLawsSearch;
			sourceTree = "<group>";
		};
		DAA1D81D2FA1DF3B0003A448 /* ChineseLawsSearchTests */ = {
			isa = PBXFileSystemSynchronizedRootGroup;
			path = ChineseLawsSearchTests;
			sourceTree = "<group>";
		};
		DAA1D8272FA1DF3B0003A448 /* ChineseLawsSearchUITests */ = {
			isa = PBXFileSystemSynchronizedRootGroup;
			path = ChineseLawsSearchUITests;
			sourceTree = "<group>";
		};
/* End PBXFileSystemSynchronizedRootGroup section */

/* Begin PBXFrameworksBuildPhase section */
		DAA1D8062FA1DF390003A448 /* Frameworks */ = {
			isa = PBXFrameworksBuildPhase;
			buildActionMask = 2147483647;
			files = (
			);
			runOnlyForDeploymentPostprocessing = 0;
		};
		DAA1D8172FA1DF3B0003A448 /* Frameworks */ = {
			isa = PBXFrameworksBuildPhase;
			buildActionMask = 2147483647;
			files = (
			);
			runOnlyForDeploymentPostprocessing = 0;
		};
		DAA1D8212FA1DF3B0003A448 /* Frameworks */ = {
			isa = PBXFrameworksBuildPhase;
			buildActionMask = 2147483647;
			files = (
			);
			runOnlyForDeploymentPostprocessing = 0;
		};
/* End PBXFrameworksBuildPhase section */

/* Begin PBXGroup section */
		DAA1D8002FA1DF390003A448 = {
			isa = PBXGroup;
			children = (
				DAA1D80B2FA1DF390003A448 /* ChineseLawsSearch */,
				DAA1D81D2FA1DF3B0003A448 /* ChineseLawsSearchTests */,
				DAA1D8272FA1DF3B0003A448 /* ChineseLawsSearchUITests */,
				DAA1D80A2FA1DF390003A448 /* Products */,
				DAA1D8402FA1DF3B0003A448 /* law_content.db */,
				DAB1E0002FA1DF3B0003A448 /* law_enhancements.db */,
			);
			sourceTree = "<group>";
		};
		DAA1D80A2FA1DF390003A448 /* Products */ = {
			isa = PBXGroup;
			children = (
				DAA1D8092FA1DF390003A448 /* ChineseLawsSearch.app */,
				DAA1D81A2FA1DF3B0003A448 /* ChineseLawsSearchTests.xctest */,
				DAA1D8242FA1DF3B0003A448 /* ChineseLawsSearchUITests.xctest */,
			);
			name = Products;
			sourceTree = "<group>";
		};
/* End PBXGroup section */

/* Begin PBXNativeTarget section */
		DAA1D8082FA1DF390003A448 /* ChineseLawsSearch */ = {
			isa = PBXNativeTarget;
			buildConfigurationList = DAA1D82D2FA1DF3B0003A448 /* Build configuration list for PBXNativeTarget "ChineseLawsSearch" */;
			buildPhases = (
				DAA1D8052FA1DF390003A448 /* Sources */,
				DAA1D8062FA1DF390003A448 /* Frameworks */,
				DAA1D8072FA1DF390003A448 /* Resources */,
			);
			buildRules = (
			);
			dependencies = (
			);
			fileSystemSynchronizedGroups = (
				DAA1D80B2FA1DF390003A448 /* ChineseLawsSearch */,
			);
			name = ChineseLawsSearch;
			packageProductDependencies = (
			);
			productName = ChineseLawsSearch;
			productReference = DAA1D8092FA1DF390003A448 /* ChineseLawsSearch.app */;
			productType = "com.apple.product-type.application";
		};
		DAA1D8192FA1DF3B0003A448 /* ChineseLawsSearchTests */ = {
			isa = PBXNativeTarget;
			buildConfigurationList = DAA1D8322FA1DF3B0003A448 /* Build configuration list for PBXNativeTarget "ChineseLawsSearchTests" */;
			buildPhases = (
				DAA1D8162FA1DF3B0003A448 /* Sources */,
				DAA1D8172FA1DF3B0003A448 /* Frameworks */,
				DAA1D8182FA1DF3B0003A448 /* Resources */,
			);
			buildRules = (
			);
			dependencies = (
				DAA1D81C2FA1DF3B0003A448 /* PBXTargetDependency */,
			);
			fileSystemSynchronizedGroups = (
				DAA1D81D2FA1DF3B0003A448 /* ChineseLawsSearchTests */,
			);
			name = ChineseLawsSearchTests;
			packageProductDependencies = (
			);
			productName = ChineseLawsSearchTests;
			productReference = DAA1D81A2FA1DF3B0003A448 /* ChineseLawsSearchTests.xctest */;
			productType = "com.apple.product-type.bundle.unit-test";
		};
		DAA1D8232FA1DF3B0003A448 /* ChineseLawsSearchUITests */ = {
			isa = PBXNativeTarget;
			buildConfigurationList = DAA1D8352FA1DF3B0003A448 /* Build configuration list for PBXNativeTarget "ChineseLawsSearchUITests" */;
			buildPhases = (
				DAA1D8202FA1DF3B0003A448 /* Sources */,
				DAA1D8212FA1DF3B0003A448 /* Frameworks */,
				DAA1D8222FA1DF3B0003A448 /* Resources */,
			);
			buildRules = (
			);
			dependencies = (
				DAA1D8262FA1DF3B0003A448 /* PBXTargetDependency */,
			);
			fileSystemSynchronizedGroups = (
				DAA1D8272FA1DF3B0003A448 /* ChineseLawsSearchUITests */,
			);
			name = ChineseLawsSearchUITests;
			packageProductDependencies = (
			);
			productName = ChineseLawsSearchUITests;
			productReference = DAA1D8242FA1DF3B0003A448 /* ChineseLawsSearchUITests.xctest */;
			productType = "com.apple.product-type.bundle.ui-testing";
		};
/* End PBXNativeTarget section */

/* Begin PBXProject section */
		DAA1D8012FA1DF390003A448 /* Project object */ = {
			isa = PBXProject;
			attributes = {
				BuildIndependentTargetsInParallel = 1;
				LastSwiftUpdateCheck = 2630;
				LastUpgradeCheck = 2630;
				TargetAttributes = {
					DAA1D8082FA1DF390003A448 = {
						CreatedOnToolsVersion = 26.3;
					};
					DAA1D8192FA1DF3B0003A448 = {
						CreatedOnToolsVersion = 26.3;
						TestTargetID = DAA1D8082FA1DF390003A448;
					};
					DAA1D8232FA1DF3B0003A448 = {
						CreatedOnToolsVersion = 26.3;
						TestTargetID = DAA1D8082FA1DF390003A448;
					};
				};
			};
			buildConfigurationList = DAA1D8042FA1DF390003A448 /* Build configuration list for PBXProject "ChineseLawsSearch" */;
			developmentRegion = "zh-Hans";
			hasScannedForEncodings = 0;
			knownRegions = (
				"zh-Hans",
				en,
				Base,
			);
			mainGroup = DAA1D8002FA1DF390003A448;
			minimizedProjectReferenceProxies = 1;
			preferredProjectObjectVersion = 77;
			productRefGroup = DAA1D80A2FA1DF390003A448 /* Products */;
			projectDirPath = "";
			projectRoot = "";
			targets = (
				DAA1D8082FA1DF390003A448 /* ChineseLawsSearch */,
				DAA1D8192FA1DF3B0003A448 /* ChineseLawsSearchTests */,
				DAA1D8232FA1DF3B0003A448 /* ChineseLawsSearchUITests */,
			);
		};
/* End PBXProject section */

/* Begin PBXResourcesBuildPhase section */
		DAA1D8072FA1DF390003A448 /* Resources */ = {
			isa = PBXResourcesBuildPhase;
			buildActionMask = 2147483647;
			files = (
			);
			runOnlyForDeploymentPostprocessing = 0;
		};
		DAA1D8182FA1DF3B0003A448 /* Resources */ = {
			isa = PBXResourcesBuildPhase;
			buildActionMask = 2147483647;
			files = (
			);
			runOnlyForDeploymentPostprocessing = 0;
		};
		DAA1D8222FA1DF3B0003A448 /* Resources */ = {
			isa = PBXResourcesBuildPhase;
			buildActionMask = 2147483647;
			files = (
			);
			runOnlyForDeploymentPostprocessing = 0;
		};
/* End PBXResourcesBuildPhase section */

/* Begin PBXSourcesBuildPhase section */
		DAA1D8052FA1DF390003A448 /* Sources */ = {
			isa = PBXSourcesBuildPhase;
			buildActionMask = 2147483647;
			files = (
			);
			runOnlyForDeploymentPostprocessing = 0;
		};
		DAA1D8162FA1DF3B0003A448 /* Sources */ = {
			isa = PBXSourcesBuildPhase;
			buildActionMask = 2147483647;
			files = (
			);
			runOnlyForDeploymentPostprocessing = 0;
		};
		DAA1D8202FA1DF3B0003A448 /* Sources */ = {
			isa = PBXSourcesBuildPhase;
			buildActionMask = 2147483647;
			files = (
			);
			runOnlyForDeploymentPostprocessing = 0;
		};
/* End PBXSourcesBuildPhase section */

/* Begin PBXTargetDependency section */
		DAA1D81C2FA1DF3B0003A448 /* PBXTargetDependency */ = {
			isa = PBXTargetDependency;
			target = DAA1D8082FA1DF390003A448 /* ChineseLawsSearch */;
			targetProxy = DAA1D81B2FA1DF3B0003A448 /* PBXContainerItemProxy */;
		};
		DAA1D8262FA1DF3B0003A448 /* PBXTargetDependency */ = {
			isa = PBXTargetDependency;
			target = DAA1D8082FA1DF390003A448 /* ChineseLawsSearch */;
			targetProxy = DAA1D8252FA1DF3B0003A448 /* PBXContainerItemProxy */;
		};
/* End PBXTargetDependency section */

/* Begin XCBuildConfiguration section */
		DAA1D82E2FA1DF3B0003A448 /* Debug */ = {
			isa = XCBuildConfiguration;
			baseConfigurationReferenceAnchor = DAA1D80B2FA1DF390003A448 /* ChineseLawsSearch */;
			baseConfigurationReferenceRelativePath = Secrets.xcconfig;
			buildSettings = {
				ASSETCATALOG_COMPILER_APPICON_NAME = AppIcon;
				ASSETCATALOG_COMPILER_GLOBAL_ACCENT_COLOR_NAME = AccentColor;
				ASSETCATALOG_COMPILER_INCLUDE_ALL_APPICON_ASSETS = YES;
				CODE_SIGN_ENTITLEMENTS = ChineseLawsSearch/ChineseLawsSearch.entitlements;
				CODE_SIGN_STYLE = Automatic;
				CURRENT_PROJECT_VERSION = 1;
				DEVELOPMENT_TEAM = 86AC9J72SZ;
				ENABLE_PREVIEWS = YES;
				GENERATE_INFOPLIST_FILE = YES;
				INFOPLIST_KEY_CFBundleDisplayName = "律疏";
				INFOPLIST_KEY_LSApplicationCategoryType = "public.app-category.utilities";
				INFOPLIST_KEY_UIApplicationSceneManifest_Generation = YES;
				INFOPLIST_KEY_UIApplicationSupportsIndirectInputEvents = YES;
				INFOPLIST_KEY_UILaunchScreen_Generation = YES;
				INFOPLIST_KEY_UISupportedInterfaceOrientations_iPad = "UIInterfaceOrientationPortrait UIInterfaceOrientationPortraitUpsideDown UIInterfaceOrientationLandscapeLeft UIInterfaceOrientationLandscapeRight";
				INFOPLIST_KEY_UISupportedInterfaceOrientations_iPhone = "UIInterfaceOrientationPortrait UIInterfaceOrientationLandscapeLeft UIInterfaceOrientationLandscapeRight";
				IPHONEOS_DEPLOYMENT_TARGET = 17.6;
				LD_RUNPATH_SEARCH_PATHS = (
					"$(inherited)",
					"@executable_path/Frameworks",
				);
				MARKETING_VERSION = 1.10;
				PRODUCT_BUNDLE_IDENTIFIER = Personal.ChineseLawsSearch;
				"PRODUCT_BUNDLE_IDENTIFIER[sdk=iphoneos*]" = com.doxie.chineseLawsAgent;
				PRODUCT_NAME = "$(TARGET_NAME)";
				STRING_CATALOG_GENERATE_SYMBOLS = YES;
				SUPPORTED_PLATFORMS = "iphoneos iphonesimulator";
				SUPPORTS_MACCATALYST = YES;
				SUPPORTS_MAC_DESIGNED_FOR_IPHONE_IPAD = NO;
				SWIFT_APPROACHABLE_CONCURRENCY = YES;
				SWIFT_DEFAULT_ACTOR_ISOLATION = MainActor;
				SWIFT_EMIT_LOC_STRINGS = YES;
				SWIFT_UPCOMING_FEATURE_MEMBER_IMPORT_VISIBILITY = YES;
				SWIFT_VERSION = 5.0;
				TARGETED_DEVICE_FAMILY = "1,2,6";
			};
			name = Debug;
		};
		DAA1D82F2FA1DF3B0003A448 /* Release */ = {
			isa = XCBuildConfiguration;
			baseConfigurationReferenceAnchor = DAA1D80B2FA1DF390003A448 /* ChineseLawsSearch */;
			baseConfigurationReferenceRelativePath = Secrets.xcconfig;
			buildSettings = {
				ASSETCATALOG_COMPILER_APPICON_NAME = AppIcon;
				ASSETCATALOG_COMPILER_GLOBAL_ACCENT_COLOR_NAME = AccentColor;
				ASSETCATALOG_COMPILER_INCLUDE_ALL_APPICON_ASSETS = YES;
				CODE_SIGN_ENTITLEMENTS = ChineseLawsSearch/ChineseLawsSearch.entitlements;
				CODE_SIGN_STYLE = Automatic;
				CURRENT_PROJECT_VERSION = 1;
				DEVELOPMENT_TEAM = 86AC9J72SZ;
				ENABLE_PREVIEWS = YES;
				GENERATE_INFOPLIST_FILE = YES;
				INFOPLIST_KEY_CFBundleDisplayName = "律疏";
				INFOPLIST_KEY_LSApplicationCategoryType = "public.app-category.utilities";
				INFOPLIST_KEY_UIApplicationSceneManifest_Generation = YES;
				INFOPLIST_KEY_UIApplicationSupportsIndirectInputEvents = YES;
				INFOPLIST_KEY_UILaunchScreen_Generation = YES;
				INFOPLIST_KEY_UISupportedInterfaceOrientations_iPad = "UIInterfaceOrientationPortrait UIInterfaceOrientationPortraitUpsideDown UIInterfaceOrientationLandscapeLeft UIInterfaceOrientationLandscapeRight";
				INFOPLIST_KEY_UISupportedInterfaceOrientations_iPhone = "UIInterfaceOrientationPortrait UIInterfaceOrientationLandscapeLeft UIInterfaceOrientationLandscapeRight";
				IPHONEOS_DEPLOYMENT_TARGET = 17.6;
				LD_RUNPATH_SEARCH_PATHS = (
					"$(inherited)",
					"@executable_path/Frameworks",
				);
				MARKETING_VERSION = 1.10;
				PRODUCT_BUNDLE_IDENTIFIER = Personal.ChineseLawsSearch;
				"PRODUCT_BUNDLE_IDENTIFIER[sdk=iphoneos*]" = com.doxie.chineseLawsAgent;
				PRODUCT_NAME = "$(TARGET_NAME)";
				STRING_CATALOG_GENERATE_SYMBOLS = YES;
				SUPPORTED_PLATFORMS = "iphoneos iphonesimulator";
				SUPPORTS_MACCATALYST = YES;
				SUPPORTS_MAC_DESIGNED_FOR_IPHONE_IPAD = NO;
				SWIFT_APPROACHABLE_CONCURRENCY = YES;
				SWIFT_DEFAULT_ACTOR_ISOLATION = MainActor;
				SWIFT_EMIT_LOC_STRINGS = YES;
				SWIFT_UPCOMING_FEATURE_MEMBER_IMPORT_VISIBILITY = YES;
				SWIFT_VERSION = 5.0;
				TARGETED_DEVICE_FAMILY = "1,2,6";
			};
			name = Release;
		};
		DAA1D8302FA1DF3B0003A448 /* Debug */ = {
			isa = XCBuildConfiguration;
			baseConfigurationReferenceAnchor = DAA1D80B2FA1DF390003A448 /* ChineseLawsSearch */;
			baseConfigurationReferenceRelativePath = Secrets.xcconfig;
			buildSettings = {
				ALWAYS_SEARCH_USER_PATHS = NO;
				ASSETCATALOG_COMPILER_GENERATE_SWIFT_ASSET_SYMBOL_EXTENSIONS = YES;
				CLANG_ANALYZER_NONNULL = YES;
				CLANG_ANALYZER_NUMBER_OBJECT_CONVERSION = YES_AGGRESSIVE;
				CLANG_CXX_LANGUAGE_STANDARD = "gnu++20";
				CLANG_ENABLE_MODULES = YES;
				CLANG_ENABLE_OBJC_ARC = YES;
				CLANG_ENABLE_OBJC_WEAK = YES;
				CLANG_WARN_BLOCK_CAPTURE_AUTORELEASING = YES;
				CLANG_WARN_BOOL_CONVERSION = YES;
				CLANG_WARN_COMMA = YES;
				CLANG_WARN_CONSTANT_CONVERSION = YES;
				CLANG_WARN_DEPRECATED_OBJC_IMPLEMENTATIONS = YES;
				CLANG_WARN_DIRECT_OBJC_ISA_USAGE = YES_ERROR;
				CLANG_WARN_DOCUMENTATION_COMMENTS = YES;
				CLANG_WARN_EMPTY_BODY = YES;
				CLANG_WARN_ENUM_CONVERSION = YES;
				CLANG_WARN_INFINITE_RECURSION = YES;
				CLANG_WARN_INT_CONVERSION = YES;
				CLANG_WARN_NON_LITERAL_NULL_CONVERSION = YES;
				CLANG_WARN_OBJC_IMPLICIT_RETAIN_SELF = YES;
				CLANG_WARN_OBJC_LITERAL_CONVERSION = YES;
				CLANG_WARN_OBJC_ROOT_CLASS = YES_ERROR;
				CLANG_WARN_QUOTED_INCLUDE_IN_FRAMEWORK_HEADER = YES;
				CLANG_WARN_RANGE_LOOP_ANALYSIS = YES;
				CLANG_WARN_STRICT_PROTOTYPES = YES;
				CLANG_WARN_SUSPICIOUS_MOVE = YES;
				CLANG_WARN_UNGUARDED_AVAILABILITY = YES_AGGRESSIVE;
				CLANG_WARN_UNREACHABLE_CODE = YES;
				CLANG_WARN__DUPLICATE_METHOD_MATCH = YES;
				COPY_PHASE_STRIP = NO;
				DEBUG_INFORMATION_FORMAT = dwarf;
				DEVELOPMENT_TEAM = LNTYGHCVL4;
				ENABLE_STRICT_OBJC_MSGSEND = YES;
				ENABLE_TESTABILITY = YES;
				ENABLE_USER_SCRIPT_SANDBOXING = YES;
				GCC_C_LANGUAGE_STANDARD = gnu17;
				GCC_DYNAMIC_NO_PIC = NO;
				GCC_NO_COMMON_BLOCKS = YES;
				GCC_OPTIMIZATION_LEVEL = 0;
				GCC_PREPROCESSOR_DEFINITIONS = (
					"DEBUG=1",
					"$(inherited)",
				);
				GCC_WARN_64_TO_32_BIT_CONVERSION = YES;
				GCC_WARN_ABOUT_RETURN_TYPE = YES_ERROR;
				GCC_WARN_UNDECLARED_SELECTOR = YES;
				GCC_WARN_UNINITIALIZED_AUTOS = YES_AGGRESSIVE;
				GCC_WARN_UNUSED_FUNCTION = YES;
				GCC_WARN_UNUSED_VARIABLE = YES;
				IPHONEOS_DEPLOYMENT_TARGET = 26.2;
				LOCALIZATION_PREFERS_STRING_CATALOGS = YES;
				MTL_ENABLE_DEBUG_INFO = INCLUDE_SOURCE;
				MTL_FAST_MATH = YES;
				ONLY_ACTIVE_ARCH = YES;
				SDKROOT = iphoneos;
				SWIFT_ACTIVE_COMPILATION_CONDITIONS = "DEBUG $(inherited)";
				SWIFT_OPTIMIZATION_LEVEL = "-Onone";
			};
			name = Debug;
		};
		DAA1D8312FA1DF3B0003A448 /* Release */ = {
			isa = XCBuildConfiguration;
			baseConfigurationReferenceAnchor = DAA1D80B2FA1DF390003A448 /* ChineseLawsSearch */;
			baseConfigurationReferenceRelativePath = Secrets.xcconfig;
			buildSettings = {
				ALWAYS_SEARCH_USER_PATHS = NO;
				ASSETCATALOG_COMPILER_GENERATE_SWIFT_ASSET_SYMBOL_EXTENSIONS = YES;
				CLANG_ANALYZER_NONNULL = YES;
				CLANG_ANALYZER_NUMBER_OBJECT_CONVERSION = YES_AGGRESSIVE;
				CLANG_CXX_LANGUAGE_STANDARD = "gnu++20";
				CLANG_ENABLE_MODULES = YES;
				CLANG_ENABLE_OBJC_ARC = YES;
				CLANG_ENABLE_OBJC_WEAK = YES;
				CLANG_WARN_BLOCK_CAPTURE_AUTORELEASING = YES;
				CLANG_WARN_BOOL_CONVERSION = YES;
				CLANG_WARN_COMMA = YES;
				CLANG_WARN_CONSTANT_CONVERSION = YES;
				CLANG_WARN_DEPRECATED_OBJC_IMPLEMENTATIONS = YES;
				CLANG_WARN_DIRECT_OBJC_ISA_USAGE = YES_ERROR;
				CLANG_WARN_DOCUMENTATION_COMMENTS = YES;
				CLANG_WARN_EMPTY_BODY = YES;
				CLANG_WARN_ENUM_CONVERSION = YES;
				CLANG_WARN_INFINITE_RECURSION = YES;
				CLANG_WARN_INT_CONVERSION = YES;
				CLANG_WARN_NON_LITERAL_NULL_CONVERSION = YES;
				CLANG_WARN_OBJC_IMPLICIT_RETAIN_SELF = YES;
				CLANG_WARN_OBJC_LITERAL_CONVERSION = YES;
				CLANG_WARN_OBJC_ROOT_CLASS = YES_ERROR;
				CLANG_WARN_QUOTED_INCLUDE_IN_FRAMEWORK_HEADER = YES;
				CLANG_WARN_RANGE_LOOP_ANALYSIS = YES;
				CLANG_WARN_STRICT_PROTOTYPES = YES;
				CLANG_WARN_SUSPICIOUS_MOVE = YES;
				CLANG_WARN_UNGUARDED_AVAILABILITY = YES_AGGRESSIVE;
				CLANG_WARN_UNREACHABLE_CODE = YES;
				CLANG_WARN__DUPLICATE_METHOD_MATCH = YES;
				COPY_PHASE_STRIP = NO;
				DEBUG_INFORMATION_FORMAT = "dwarf-with-dsym";
				DEVELOPMENT_TEAM = LNTYGHCVL4;
				ENABLE_NS_ASSERTIONS = NO;
				ENABLE_STRICT_OBJC_MSGSEND = YES;
				ENABLE_USER_SCRIPT_SANDBOXING = YES;
				GCC_C_LANGUAGE_STANDARD = gnu17;
				GCC_NO_COMMON_BLOCKS = YES;
				GCC_WARN_64_TO_32_BIT_CONVERSION = YES;
				GCC_WARN_ABOUT_RETURN_TYPE = YES_ERROR;
				GCC_WARN_UNDECLARED_SELECTOR = YES;
				GCC_WARN_UNINITIALIZED_AUTOS = YES_AGGRESSIVE;
				GCC_WARN_UNUSED_FUNCTION = YES;
				GCC_WARN_UNUSED_VARIABLE = YES;
				IPHONEOS_DEPLOYMENT_TARGET = 26.2;
				LOCALIZATION_PREFERS_STRING_CATALOGS = YES;
				MTL_ENABLE_DEBUG_INFO = NO;
				MTL_FAST_MATH = YES;
				SDKROOT = iphoneos;
				SWIFT_COMPILATION_MODE = wholemodule;
				VALIDATE_PRODUCT = YES;
			};
			name = Release;
		};
		DAA1D8332FA1DF3B0003A448 /* Debug */ = {
			isa = XCBuildConfiguration;
			baseConfigurationReferenceAnchor = DAA1D80B2FA1DF390003A448 /* ChineseLawsSearch */;
			baseConfigurationReferenceRelativePath = Secrets.xcconfig;
			buildSettings = {
				BUNDLE_LOADER = "$(TEST_HOST)";
				CODE_SIGN_STYLE = Automatic;
				CURRENT_PROJECT_VERSION = 1;
				DEVELOPMENT_TEAM = LNTYGHCVL4;
				GENERATE_INFOPLIST_FILE = YES;
				IPHONEOS_DEPLOYMENT_TARGET = 26.2;
				MARKETING_VERSION = 1.0;
				PRODUCT_BUNDLE_IDENTIFIER = Personal.ChineseLawsSearchTests;
				PRODUCT_NAME = "$(TARGET_NAME)";
				STRING_CATALOG_GENERATE_SYMBOLS = NO;
				SUPPORTS_MAC_DESIGNED_FOR_IPHONE_IPAD = NO;
				SWIFT_APPROACHABLE_CONCURRENCY = YES;
				SWIFT_EMIT_LOC_STRINGS = NO;
				SWIFT_UPCOMING_FEATURE_MEMBER_IMPORT_VISIBILITY = YES;
				SWIFT_VERSION = 5.0;
				TARGETED_DEVICE_FAMILY = "1,2,6";
				TEST_HOST = "$(BUILT_PRODUCTS_DIR)/ChineseLawsSearch.app/$(BUNDLE_EXECUTABLE_FOLDER_PATH)/ChineseLawsSearch";
			};
			name = Debug;
		};
		DAA1D8342FA1DF3B0003A448 /* Release */ = {
			isa = XCBuildConfiguration;
			baseConfigurationReferenceAnchor = DAA1D80B2FA1DF390003A448 /* ChineseLawsSearch */;
			baseConfigurationReferenceRelativePath = Secrets.xcconfig;
			buildSettings = {
				BUNDLE_LOADER = "$(TEST_HOST)";
				CODE_SIGN_STYLE = Automatic;
				CURRENT_PROJECT_VERSION = 1;
				DEVELOPMENT_TEAM = LNTYGHCVL4;
				GENERATE_INFOPLIST_FILE = YES;
				IPHONEOS_DEPLOYMENT_TARGET = 26.2;
				MARKETING_VERSION = 1.0;
				PRODUCT_BUNDLE_IDENTIFIER = Personal.ChineseLawsSearchTests;
				PRODUCT_NAME = "$(TARGET_NAME)";
				STRING_CATALOG_GENERATE_SYMBOLS = NO;
				SUPPORTS_MAC_DESIGNED_FOR_IPHONE_IPAD = NO;
				SWIFT_APPROACHABLE_CONCURRENCY = YES;
				SWIFT_EMIT_LOC_STRINGS = NO;
				SWIFT_UPCOMING_FEATURE_MEMBER_IMPORT_VISIBILITY = YES;
				SWIFT_VERSION = 5.0;
				TARGETED_DEVICE_FAMILY = "1,2,6";
				TEST_HOST = "$(BUILT_PRODUCTS_DIR)/ChineseLawsSearch.app/$(BUNDLE_EXECUTABLE_FOLDER_PATH)/ChineseLawsSearch";
			};
			name = Release;
		};
		DAA1D8362FA1DF3B0003A448 /* Debug */ = {
			isa = XCBuildConfiguration;
			baseConfigurationReferenceAnchor = DAA1D80B2FA1DF390003A448 /* ChineseLawsSearch */;
			baseConfigurationReferenceRelativePath = Secrets.xcconfig;
			buildSettings = {
				CODE_SIGN_STYLE = Automatic;
				CURRENT_PROJECT_VERSION = 1;
				DEVELOPMENT_TEAM = LNTYGHCVL4;
				GENERATE_INFOPLIST_FILE = YES;
				MARKETING_VERSION = 1.0;
				PRODUCT_BUNDLE_IDENTIFIER = Personal.ChineseLawsSearchUITests;
				PRODUCT_NAME = "$(TARGET_NAME)";
				STRING_CATALOG_GENERATE_SYMBOLS = NO;
				SUPPORTS_MAC_DESIGNED_FOR_IPHONE_IPAD = NO;
				SWIFT_APPROACHABLE_CONCURRENCY = YES;
				SWIFT_EMIT_LOC_STRINGS = NO;
				SWIFT_UPCOMING_FEATURE_MEMBER_IMPORT_VISIBILITY = YES;
				SWIFT_VERSION = 5.0;
				TARGETED_DEVICE_FAMILY = "1,2,6";
				TEST_TARGET_NAME = ChineseLawsSearch;
			};
			name = Debug;
		};
		DAA1D8372FA1DF3B0003A448 /* Release */ = {
			isa = XCBuildConfiguration;
			baseConfigurationReferenceAnchor = DAA1D80B2FA1DF390003A448 /* ChineseLawsSearch */;
			baseConfigurationReferenceRelativePath = Secrets.xcconfig;
			buildSettings = {
				CODE_SIGN_STYLE = Automatic;
				CURRENT_PROJECT_VERSION = 1;
				DEVELOPMENT_TEAM = LNTYGHCVL4;
				GENERATE_INFOPLIST_FILE = YES;
				MARKETING_VERSION = 1.0;
				PRODUCT_BUNDLE_IDENTIFIER = Personal.ChineseLawsSearchUITests;
				PRODUCT_NAME = "$(TARGET_NAME)";
				STRING_CATALOG_GENERATE_SYMBOLS = NO;
				SUPPORTS_MAC_DESIGNED_FOR_IPHONE_IPAD = NO;
				SWIFT_APPROACHABLE_CONCURRENCY = YES;
				SWIFT_EMIT_LOC_STRINGS = NO;
				SWIFT_UPCOMING_FEATURE_MEMBER_IMPORT_VISIBILITY = YES;
				SWIFT_VERSION = 5.0;
				TARGETED_DEVICE_FAMILY = "1,2,6";
				TEST_TARGET_NAME = ChineseLawsSearch;
			};
			name = Release;
		};
/* End XCBuildConfiguration section */

/* Begin XCConfigurationList section */
		DAA1D8042FA1DF390003A448 /* Build configuration list for PBXProject "ChineseLawsSearch" */ = {
			isa = XCConfigurationList;
			buildConfigurations = (
				DAA1D8302FA1DF3B0003A448 /* Debug */,
				DAA1D8312FA1DF3B0003A448 /* Release */,
			);
			defaultConfigurationIsVisible = 0;
			defaultConfigurationName = Release;
		};
		DAA1D82D2FA1DF3B0003A448 /* Build configuration list for PBXNativeTarget "ChineseLawsSearch" */ = {
			isa = XCConfigurationList;
			buildConfigurations = (
				DAA1D82E2FA1DF3B0003A448 /* Debug */,
				DAA1D82F2FA1DF3B0003A448 /* Release */,
			);
			defaultConfigurationIsVisible = 0;
			defaultConfigurationName = Release;
		};
		DAA1D8322FA1DF3B0003A448 /* Build configuration list for PBXNativeTarget "ChineseLawsSearchTests" */ = {
			isa = XCConfigurationList;
			buildConfigurations = (
				DAA1D8332FA1DF3B0003A448 /* Debug */,
				DAA1D8342FA1DF3B0003A448 /* Release */,
			);
			defaultConfigurationIsVisible = 0;
			defaultConfigurationName = Release;
		};
		DAA1D8352FA1DF3B0003A448 /* Build configuration list for PBXNativeTarget "ChineseLawsSearchUITests" */ = {
			isa = XCConfigurationList;
			buildConfigurations = (
				DAA1D8362FA1DF3B0003A448 /* Debug */,
				DAA1D8372FA1DF3B0003A448 /* Release */,
			);
			defaultConfigurationIsVisible = 0;
			defaultConfigurationName = Release;
		};
/* End XCConfigurationList section */
	};
	rootObject = DAA1D8012FA1DF390003A448 /* Project object */;
}
